
Microsoft Visual Studio Solution File, Format Version 12.00
# Visual Studio Version 17
VisualStudioVersion = 17.9.34723.18
MinimumVisualStudioVersion = 10.0.40219.1
Project("{9A19103F-16F7-4668-BE54-9A1E7A4F7556}") = "JavaMasteryQuestApp.Web", "JavaMasteryQuestApp.Web\JavaMasteryQuestApp.Web.csproj", "{836AB541-7BD5-4C8E-94B9-5BA305813DA2}"
EndProject
Project("{9A19103F-16F7-4668-BE54-9A1E7A4F7556}") = "JavaMasteryQuestApp.Model", "JavaMasteryQuestApp.Model\JavaMasteryQuestApp.Model.csproj", "{634E7033-961C-4CDB-8D17-446B35352C7D}"
EndProject
Project("{9A19103F-16F7-4668-BE54-9A1E7A4F7556}") = "JavaMasteryQuestApp.Service", "JavaMasteryQuestApp.Service\JavaMasteryQuestApp.Service.csproj", "{7FD7F7C6-9906-4FC3-855C-424AD6C7542F}"
EndProject
Global
	GlobalSection(SolutionConfigurationPlatforms) = preSolution
		Debug|Any CPU = Debug|Any CPU
		Release|Any CPU = Release|Any CPU
	EndGlobalSection
	GlobalSection(ProjectConfigurationPlatforms) = postSolution
		{836AB541-7BD5-4C8E-94B9-5BA305813DA2}.Debug|Any CPU.ActiveCfg = Debug|Any CPU
		{836AB541-7BD5-4C8E-94B9-5BA305813DA2}.Debug|Any CPU.Build.0 = Debug|Any CPU
		{836AB541-7BD5-4C8E-94B9-5BA305813DA2}.Release|Any CPU.ActiveCfg = Release|Any CPU
		{836AB541-7BD5-4C8E-94B9-5BA305813DA2}.Release|Any CPU.Build.0 = Release|Any CPU
		{634E7033-961C-4CDB-8D17-446B35352C7D}.Debug|Any CPU.ActiveCfg = Debug|Any CPU
		{634E7033-961C-4CDB-8D17-446B35352C7D}.Debug|Any CPU.Build.0 = Debug|Any CPU
		{634E7033-961C-4CDB-8D17-446B35352C7D}.Release|Any CPU.ActiveCfg = Release|Any CPU
		{634E7033-961C-4CDB-8D17-446B35352C7D}.Release|Any CPU.Build.0 = Release|Any CPU
		{7FD7F7C6-9906-4FC3-855C-424AD6C7542F}.Debug|Any CPU.ActiveCfg = Debug|Any CPU
		{7FD7F7C6-9906-4FC3-855C-424AD6C7542F}.Debug|Any CPU.Build.0 = Debug|Any CPU
		{7FD7F7C6-9906-4FC3-855C-424AD6C7542F}.Release|Any CPU.ActiveCfg = Release|Any CPU
		{7FD7F7C6-9906-4FC3-855C-424AD6C7542F}.Release|Any CPU.Build.0 = Release|Any CPU
	EndGlobalSection
	GlobalSection(SolutionProperties) = preSolution
		HideSolutionNode = FALSE
	EndGlobalSection
	GlobalSection(ExtensibilityGlobals) = postSolution
		SolutionGuid = {5DB1002C-84FB-4B33-B276-1079261BC208}
	EndGlobalSection
EndGlobal
